{
    "name": "template-doctor",
    "version": "0.0.1",
    "lockfileVersion": 3,
    "requires": true,
    "packages": {
        "": {
            "name": "template-doctor",
            "version": "0.0.1",
            "license": "MIT",
            "dependencies": {
                "dotenv": "^17.2.0",
                "open": "^10.2.0"
            },
            "bin": {
                "template-doctor": "dist/cli.js"
            },
            "devDependencies": {
                "@playwright/test": "^1.54.1",
                "@types/node": "^24.0.14",
                "typescript": "^5.8.3"
            }
        },
        "node_modules/@playwright/test": {
            "version": "1.54.1",
            "resolved": "https://registry.npmjs.org/@playwright/test/-/test-1.54.1.tgz",
            "integrity": "sha512-FS8hQ12acieG2dYSksmLOF7BNxnVf2afRJdCuM1eMSxj6QTSE6G4InGF7oApGgDb65MX7AwMVlIkpru0yZA4Xw==",
            "dev": true,
            "license": "Apache-2.0",
            "dependencies": {
                "playwright": "1.54.1"
            },
            "bin": {
                "playwright": "cli.js"
            },
            "engines": {
                "node": ">=18"
            }
        },
        "node_modules/@types/node": {
            "version": "24.0.14",
            "resolved": "https://registry.npmjs.org/@types/node/-/node-24.0.14.tgz",
            "integrity": "sha512-4zXMWD91vBLGRtHK3YbIoFMia+1nqEz72coM42C5ETjnNCa/heoj7NT1G67iAfOqMmcfhuCZ4uNpyz8EjlAejw==",
            "dev": true,
            "license": "MIT",
            "dependencies": {
                "undici-types": "~7.8.0"
            }
        },
        "node_modules/bundle-name": {
            "version": "4.1.0",
            "resolved": "https://registry.npmjs.org/bundle-name/-/bundle-name-4.1.0.tgz",
            "integrity": "sha512-tjwM5exMg6BGRI+kNmTntNsvdZS1X8BFYS6tnJ2hdH0kVxM6/eVZ2xy+FqStSWvYmtfFMDLIxurorHwDKfDz5Q==",
            "license": "MIT",
            "dependencies": {
                "run-applescript": "^7.0.0"
            },
            "engines": {
                "node": ">=18"
            },
            "funding": {
                "url": "https://github.com/sponsors/sindresorhus"
            }
        },
        "node_modules/default-browser": {
            "version": "5.2.1",
            "resolved": "https://registry.npmjs.org/default-browser/-/default-browser-5.2.1.tgz",
            "integrity": "sha512-WY/3TUME0x3KPYdRRxEJJvXRHV4PyPoUsxtZa78lwItwRQRHhd2U9xOscaT/YTf8uCXIAjeJOFBVEh/7FtD8Xg==",
            "license": "MIT",
            "dependencies": {
                "bundle-name": "^4.1.0",
                "default-browser-id": "^5.0.0"
            },
            "engines": {
                "node": ">=18"
            },
            "funding": {
                "url": "https://github.com/sponsors/sindresorhus"
            }
        },
        "node_modules/default-browser-id": {
            "version": "5.0.0",
            "resolved": "https://registry.npmjs.org/default-browser-id/-/default-browser-id-5.0.0.tgz",
            "integrity": "sha512-A6p/pu/6fyBcA1TRz/GqWYPViplrftcW2gZC9q79ngNCKAeR/X3gcEdXQHl4KNXV+3wgIJ1CPkJQ3IHM6lcsyA==",
            "license": "MIT",
            "engines": {
                "node": ">=18"
            },
            "funding": {
                "url": "https://github.com/sponsors/sindresorhus"
            }
        },
        "node_modules/define-lazy-prop": {
            "version": "3.0.0",
            "resolved": "https://registry.npmjs.org/define-lazy-prop/-/define-lazy-prop-3.0.0.tgz",
            "integrity": "sha512-N+MeXYoqr3pOgn8xfyRPREN7gHakLYjhsHhWGT3fWAiL4IkAt0iDw14QiiEm2bE30c5XX5q0FtAA3CK5f9/BUg==",
            "license": "MIT",
            "engines": {
                "node": ">=12"
            },
            "funding": {
                "url": "https://github.com/sponsors/sindresorhus"
            }
        },
        "node_modules/dotenv": {
            "version": "17.2.0",
            "resolved": "https://registry.npmjs.org/dotenv/-/dotenv-17.2.0.tgz",
            "integrity": "sha512-Q4sgBT60gzd0BB0lSyYD3xM4YxrXA9y4uBDof1JNYGzOXrQdQ6yX+7XIAqoFOGQFOTK1D3Hts5OllpxMDZFONQ==",
            "license": "BSD-2-Clause",
            "engines": {
                "node": ">=12"
            },
            "funding": {
                "url": "https://dotenvx.com"
            }
        },
        "node_modules/is-docker": {
            "version": "3.0.0",
            "resolved": "https://registry.npmjs.org/is-docker/-/is-docker-3.0.0.tgz",
            "integrity": "sha512-eljcgEDlEns/7AXFosB5K/2nCM4P7FQPkGc/DWLy5rmFEWvZayGrik1d9/QIY5nJ4f9YsVvBkA6kJpHn9rISdQ==",
            "license": "MIT",
            "bin": {
                "is-docker": "cli.js"
            },
            "engines": {
                "node": "^12.20.0 || ^14.13.1 || >=16.0.0"
            },
            "funding": {
                "url": "https://github.com/sponsors/sindresorhus"
            }
        },
        "node_modules/is-inside-container": {
            "version": "1.0.0",
            "resolved": "https://registry.npmjs.org/is-inside-container/-/is-inside-container-1.0.0.tgz",
            "integrity": "sha512-KIYLCCJghfHZxqjYBE7rEy0OBuTd5xCHS7tHVgvCLkx7StIoaxwNW3hCALgEUjFfeRk+MG/Qxmp/vtETEF3tRA==",
            "license": "MIT",
            "dependencies": {
                "is-docker": "^3.0.0"
            },
            "bin": {
                "is-inside-container": "cli.js"
            },
            "engines": {
                "node": ">=14.16"
            },
            "funding": {
                "url": "https://github.com/sponsors/sindresorhus"
            }
        },
        "node_modules/is-wsl": {
            "version": "3.1.0",
            "resolved": "https://registry.npmjs.org/is-wsl/-/is-wsl-3.1.0.tgz",
            "integrity": "sha512-UcVfVfaK4Sc4m7X3dUSoHoozQGBEFeDC+zVo06t98xe8CzHSZZBekNXH+tu0NalHolcJ/QAGqS46Hef7QXBIMw==",
            "license": "MIT",
            "dependencies": {
                "is-inside-container": "^1.0.0"
            },
            "engines": {
                "node": ">=16"
            },
            "funding": {
                "url": "https://github.com/sponsors/sindresorhus"
            }
        },
        "node_modules/open": {
            "version": "10.2.0",
            "resolved": "https://registry.npmjs.org/open/-/open-10.2.0.tgz",
            "integrity": "sha512-YgBpdJHPyQ2UE5x+hlSXcnejzAvD0b22U2OuAP+8OnlJT+PjWPxtgmGqKKc+RgTM63U9gN0YzrYc71R2WT/hTA==",
            "license": "MIT",
            "dependencies": {
                "default-browser": "^5.2.1",
                "define-lazy-prop": "^3.0.0",
                "is-inside-container": "^1.0.0",
                "wsl-utils": "^0.1.0"
            },
            "engines": {
                "node": ">=18"
            },
            "funding": {
                "url": "https://github.com/sponsors/sindresorhus"
            }
        },
        "node_modules/playwright": {
            "version": "1.54.1",
            "resolved": "https://registry.npmjs.org/playwright/-/playwright-1.54.1.tgz",
            "integrity": "sha512-peWpSwIBmSLi6aW2auvrUtf2DqY16YYcCMO8rTVx486jKmDTJg7UAhyrraP98GB8BoPURZP8+nxO7TSd4cPr5g==",
            "dev": true,
            "license": "Apache-2.0",
            "dependencies": {
                "playwright-core": "1.54.1"
            },
            "bin": {
                "playwright": "cli.js"
            },
            "engines": {
                "node": ">=18"
            },
            "optionalDependencies": {
                "fsevents": "2.3.2"
            }
        },
        "node_modules/playwright-core": {
            "version": "1.54.1",
            "resolved": "https://registry.npmjs.org/playwright-core/-/playwright-core-1.54.1.tgz",
            "integrity": "sha512-Nbjs2zjj0htNhzgiy5wu+3w09YetDx5pkrpI/kZotDlDUaYk0HVA5xrBVPdow4SAUIlhgKcJeJg4GRKW6xHusA==",
            "dev": true,
            "license": "Apache-2.0",
            "bin": {
                "playwright-core": "cli.js"
            },
            "engines": {
                "node": ">=18"
            }
        },
        "node_modules/playwright/node_modules/fsevents": {
            "version": "2.3.2",
            "resolved": "https://registry.npmjs.org/fsevents/-/fsevents-2.3.2.tgz",
            "integrity": "sha512-xiqMQR4xAeHTuB9uWm+fFRcIOgKBMiOBP+eXiyT7jsgVCq1bkVygt00oASowB7EdtpOHaaPgKt812P9ab+DDKA==",
            "dev": true,
            "hasInstallScript": true,
            "license": "MIT",
            "optional": true,
            "os": [
                "darwin"
            ],
            "engines": {
                "node": "^8.16.0 || ^10.6.0 || >=11.0.0"
            }
        },
        "node_modules/run-applescript": {
            "version": "7.0.0",
            "resolved": "https://registry.npmjs.org/run-applescript/-/run-applescript-7.0.0.tgz",
            "integrity": "sha512-9by4Ij99JUr/MCFBUkDKLWK3G9HVXmabKz9U5MlIAIuvuzkiOicRYs8XJLxX+xahD+mLiiCYDqF9dKAgtzKP1A==",
            "license": "MIT",
            "engines": {
                "node": ">=18"
            },
            "funding": {
                "url": "https://github.com/sponsors/sindresorhus"
            }
        },
        "node_modules/typescript": {
            "version": "5.8.3",
            "resolved": "https://registry.npmjs.org/typescript/-/typescript-5.8.3.tgz",
            "integrity": "sha512-p1diW6TqL9L07nNxvRMM7hMMw4c5XOo/1ibL4aAIGmSAt9slTE1Xgw5KWuof2uTOvCg9BY7ZRi+GaF+7sfgPeQ==",
            "dev": true,
            "license": "Apache-2.0",
            "bin": {
                "tsc": "bin/tsc",
                "tsserver": "bin/tsserver"
            },
            "engines": {
                "node": ">=14.17"
            }
        },
        "node_modules/undici-types": {
            "version": "7.8.0",
            "resolved": "https://registry.npmjs.org/undici-types/-/undici-types-7.8.0.tgz",
            "integrity": "sha512-9UJ2xGDvQ43tYyVMpuHlsgApydB8ZKfVYTsLDhXkFL/6gfkp+U8xTGdh8pMJv1SpZna0zxG1DwsKZsreLbXBxw==",
            "dev": true,
            "license": "MIT"
        },
        "node_modules/wsl-utils": {
            "version": "0.1.0",
            "resolved": "https://registry.npmjs.org/wsl-utils/-/wsl-utils-0.1.0.tgz",
            "integrity": "sha512-h3Fbisa2nKGPxCpm89Hk33lBLsnaGBvctQopaBSOW/uIs6FTe1ATyAnKFJrzVs9vpGdsTe73WF3V4lIsk4Gacw==",
            "license": "MIT",
            "dependencies": {
                "is-wsl": "^3.1.0"
            },
            "engines": {
                "node": ">=18"
            },
            "funding": {
                "url": "https://github.com/sponsors/sindresorhus"
            }
        }
    }
}
